// !$*UTF8*$!
{
	archiveVersion = 1;
	classes = {
	};
	objectVersion = 56;
	objects = {

/* Begin PBXBuildFile section */
		ECFECC732A82AAC100C50FF8 /* FriendsAppFixedApp.swift in Sources */ = {isa = PBXBuildFile; fileRef = ECFECC722A82AAC100C50FF8 /* FriendsAppFixedApp.swift */; };
		ECFECC752A82AAC100C50FF8 /* ContentView.swift in Sources */ = {isa = PBXBuildFile; fileRef = ECFECC742A82AAC100C50FF8 /* ContentView.swift */; };
		ECFECC772A82AAC100C50FF8 /* Assets.xcassets in Resources */ = {isa = PBXBuildFile; fileRef = ECFECC762A82AAC100C50FF8 /* Assets.xcassets */; };
		ECFECC7A2A82AAC100C50FF8 /* Preview Assets.xcassets in Resources */ = {isa = PBXBuildFile; fileRef = ECFECC792A82AAC100C50FF8 /* Preview Assets.xcassets */; };
		ECFECC822A82AAF100C50FF8 /* FriendManager.swift in Sources */ = {isa = PBXBuildFile; fileRef = ECFECC802A82AAF100C50FF8 /* FriendManager.swift */; };
		ECFECC832A82AAF100C50FF8 /* Friend+Sample.swift in Sources */ = {isa = PBXBuildFile; fileRef = ECFECC812A82AAF100C50FF8 /* Friend+Sample.swift */; };
		ECFECC882A82AAF700C50FF8 /* Friend.swift in Sources */ = {isa = PBXBuildFile; fileRef = ECFECC852A82AAF700C50FF8 /* Friend.swift */; };
		ECFECC892A82AAF700C50FF8 /* Weapon.swift in Sources */ = {isa = PBXBuildFile; fileRef = ECFECC862A82AAF700C50FF8 /* Weapon.swift */; };
		ECFECC8A2A82AAF700C50FF8 /* Element.swift in Sources */ = {isa = PBXBuildFile; fileRef = ECFECC872A82AAF700C50FF8 /* Element.swift */; };
		ECFECC8F2A82AB0000C50FF8 /* NewFriendView.swift in Sources */ = {isa = PBXBuildFile; fileRef = ECFECC8C2A82AB0000C50FF8 /* NewFriendView.swift */; };
		ECFECC902A82AB0000C50FF8 /* FriendRowView.swift in Sources */ = {isa = PBXBuildFile; fileRef = ECFECC8D2A82AB0000C50FF8 /* FriendRowView.swift */; };
		ECFECC912A82AB0000C50FF8 /* FriendDetailView.swift in Sources */ = {isa = PBXBuildFile; fileRef = ECFECC8E2A82AB0000C50FF8 /* FriendDetailView.swift */; };
		ECFECC932A82AB0500C50FF8 /* SecondTabView.swift in Sources */ = {isa = PBXBuildFile; fileRef = ECFECC922A82AB0500C50FF8 /* SecondTabView.swift */; };
		ECFECC952A82ABBB00C50FF8 /* MainFriendView.swift in Sources */ = {isa = PBXBuildFile; fileRef = ECFECC942A82ABBB00C50FF8 /* MainFriendView.swift */; };
		ECFECC992A82B04100C50FF8 /* ComparisonView.swift in Sources */ = {isa = PBXBuildFile; fileRef = ECFECC982A82B04100C50FF8 /* ComparisonView.swift */; };
		ECFECC9B2A82B25200C50FF8 /* ComparisonTileView.swift in Sources */ = {isa = PBXBuildFile; fileRef = ECFECC9A2A82B25200C50FF8 /* ComparisonTileView.swift */; };
/* End PBXBuildFile section */

/* Begin PBXFileReference section */
		ECFECC6F2A82AAC100C50FF8 /* FriendsAppFixed.app */ = {isa = PBXFileReference; explicitFileType = wrapper.application; includeInIndex = 0; path = FriendsAppFixed.app; sourceTree = BUILT_PRODUCTS_DIR; };
		ECFECC722A82AAC100C50FF8 /* FriendsAppFixedApp.swift */ = {isa = PBXFileReference; lastKnownFileType = sourcecode.swift; path = FriendsAppFixedApp.swift; sourceTree = "<group>"; };
		ECFECC742A82AAC100C50FF8 /* ContentView.swift */ = {isa = PBXFileReference; lastKnownFileType = sourcecode.swift; path = ContentView.swift; sourceTree = "<group>"; };
		ECFECC762A82AAC100C50FF8 /* Assets.xcassets */ = {isa = PBXFileReference; lastKnownFileType = folder.assetcatalog; path = Assets.xcassets; sourceTree = "<group>"; };
		ECFECC792A82AAC100C50FF8 /* Preview Assets.xcassets */ = {isa = PBXFileReference; lastKnownFileType = folder.assetcatalog; path = "Preview Assets.xcassets"; sourceTree = "<group>"; };
		ECFECC802A82AAF100C50FF8 /* FriendManager.swift */ = {isa = PBXFileReference; fileEncoding = 4; lastKnownFileType = sourcecode.swift; path = FriendManager.swift; sourceTree = "<group>"; };
		ECFECC812A82AAF100C50FF8 /* Friend+Sample.swift */ = {isa = PBXFileReference; fileEncoding = 4; lastKnownFileType = sourcecode.swift; path = "Friend+Sample.swift"; sourceTree = "<group>"; };
		ECFECC852A82AAF700C50FF8 /* Friend.swift */ = {isa = PBXFileReference; fileEncoding = 4; lastKnownFileType = sourcecode.swift; path = Friend.swift; sourceTree = "<group>"; };
		ECFECC862A82AAF700C50FF8 /* Weapon.swift */ = {isa = PBXFileReference; fileEncoding = 4; lastKnownFileType = sourcecode.swift; path = Weapon.swift; sourceTree = "<group>"; };
		ECFECC872A82AAF700C50FF8 /* Element.swift */ = {isa = PBXFileReference; fileEncoding = 4; lastKnownFileType = sourcecode.swift; path = Element.swift; sourceTree = "<group>"; };
		ECFECC8C2A82AB0000C50FF8 /* NewFriendView.swift */ = {isa = PBXFileReference; fileEncoding = 4; lastKnownFileType = sourcecode.swift; path = NewFriendView.swift; sourceTree = "<group>"; };
		ECFECC8D2A82AB0000C50FF8 /* FriendRowView.swift */ = {isa = PBXFileReference; fileEncoding = 4; lastKnownFileType = sourcecode.swift; path = FriendRowView.swift; sourceTree = "<group>"; };
		ECFECC8E2A82AB0000C50FF8 /* FriendDetailView.swift */ = {isa = PBXFileReference; fileEncoding = 4; lastKnownFileType = sourcecode.swift; path = FriendDetailView.swift; sourceTree = "<group>"; };
		ECFECC922A82AB0500C50FF8 /* SecondTabView.swift */ = {isa = PBXFileReference; fileEncoding = 4; lastKnownFileType = sourcecode.swift; path = SecondTabView.swift; sourceTree = "<group>"; };
		ECFECC942A82ABBB00C50FF8 /* MainFriendView.swift */ = {isa = PBXFileReference; lastKnownFileType = sourcecode.swift; path = MainFriendView.swift; sourceTree = "<group>"; };
		ECFECC982A82B04100C50FF8 /* ComparisonView.swift */ = {isa = PBXFileReference; lastKnownFileType = sourcecode.swift; path = ComparisonView.swift; sourceTree = "<group>"; };
		ECFECC9A2A82B25200C50FF8 /* ComparisonTileView.swift */ = {isa = PBXFileReference; lastKnownFileType = sourcecode.swift; path = ComparisonTileView.swift; sourceTree = "<group>"; };
/* End PBXFileReference section */

/* Begin PBXFrameworksBuildPhase section */
		ECFECC6C2A82AAC100C50FF8 /* Frameworks */ = {
			isa = PBXFrameworksBuildPhase;
			buildActionMask = 2147483647;
			files = (
			);
			runOnlyForDeploymentPostprocessing = 0;
		};
/* End PBXFrameworksBuildPhase section */

/* Begin PBXGroup section */
		ECFECC662A82AAC100C50FF8 = {
			isa = PBXGroup;
			children = (
				ECFECC712A82AAC100C50FF8 /* FriendsAppFixed */,
				ECFECC702A82AAC100C50FF8 /* Products */,
			);
			sourceTree = "<group>";
		};
		ECFECC702A82AAC100C50FF8 /* Products */ = {
			isa = PBXGroup;
			children = (
				ECFECC6F2A82AAC100C50FF8 /* FriendsAppFixed.app */,
			);
			name = Products;
			sourceTree = "<group>";
		};
		ECFECC712A82AAC100C50FF8 /* FriendsAppFixed */ = {
			isa = PBXGroup;
			children = (
				ECFECC722A82AAC100C50FF8 /* FriendsAppFixedApp.swift */,
				ECFECC842A82AAF700C50FF8 /* Model */,
				ECFECC812A82AAF100C50FF8 /* Friend+Sample.swift */,
				ECFECC962A82AFFE00C50FF8 /* Manager */,
				ECFECC8B2A82AB0000C50FF8 /* Views */,
				ECFECC762A82AAC100C50FF8 /* Assets.xcassets */,
				ECFECC782A82AAC100C50FF8 /* Preview Content */,
			);
			path = FriendsAppFixed;
			sourceTree = "<group>";
		};
		ECFECC782A82AAC100C50FF8 /* Preview Content */ = {
			isa = PBXGroup;
			children = (
				ECFECC792A82AAC100C50FF8 /* Preview Assets.xcassets */,
			);
			path = "Preview Content";
			sourceTree = "<group>";
		};
		ECFECC842A82AAF700C50FF8 /* Model */ = {
			isa = PBXGroup;
			children = (
				ECFECC852A82AAF700C50FF8 /* Friend.swift */,
				ECFECC862A82AAF700C50FF8 /* Weapon.swift */,
				ECFECC872A82AAF700C50FF8 /* Element.swift */,
			);
			path = Model;
			sourceTree = "<group>";
		};
		ECFECC8B2A82AB0000C50FF8 /* Views */ = {
			isa = PBXGroup;
			children = (
				ECFECC742A82AAC100C50FF8 /* ContentView.swift */,
				ECFECC942A82ABBB00C50FF8 /* MainFriendView.swift */,
				ECFECC8D2A82AB0000C50FF8 /* FriendRowView.swift */,
				ECFECC8C2A82AB0000C50FF8 /* NewFriendView.swift */,
				ECFECC8E2A82AB0000C50FF8 /* FriendDetailView.swift */,
				ECFECC922A82AB0500C50FF8 /* SecondTabView.swift */,
				ECFECC982A82B04100C50FF8 /* ComparisonView.swift */,
				ECFECC9A2A82B25200C50FF8 /* ComparisonTileView.swift */,
			);
			path = Views;
			sourceTree = "<group>";
		};
		ECFECC962A82AFFE00C50FF8 /* Manager */ = {
			isa = PBXGroup;
			children = (
				ECFECC802A82AAF100C50FF8 /* FriendManager.swift */,
			);
			path = Manager;
			sourceTree = "<group>";
		};
/* End PBXGroup section */

/* Begin PBXNativeTarget section */
		ECFECC6E2A82AAC100C50FF8 /* FriendsAppFixed */ = {
			isa = PBXNativeTarget;
			buildConfigurationList = ECFECC7D2A82AAC100C50FF8 /* Build configuration list for PBXNativeTarget "FriendsAppFixed" */;
			buildPhases = (
				ECFECC6B2A82AAC100C50FF8 /* Sources */,
				ECFECC6C2A82AAC100C50FF8 /* Frameworks */,
				ECFECC6D2A82AAC100C50FF8 /* Resources */,
			);
			buildRules = (
			);
			dependencies = (
			);
			name = FriendsAppFixed;
			productName = FriendsAppFixed;
			productReference = ECFECC6F2A82AAC100C50FF8 /* FriendsAppFixed.app */;
			productType = "com.apple.product-type.application";
		};
/* End PBXNativeTarget section */

/* Begin PBXProject section */
		ECFECC672A82AAC100C50FF8 /* Project object */ = {
			isa = PBXProject;
			attributes = {
				BuildIndependentTargetsInParallel = 1;
				LastSwiftUpdateCheck = 1430;
				LastUpgradeCheck = 1430;
				TargetAttributes = {
					ECFECC6E2A82AAC100C50FF8 = {
						CreatedOnToolsVersion = 14.3.1;
					};
				};
			};
			buildConfigurationList = ECFECC6A2A82AAC100C50FF8 /* Build configuration list for PBXProject "FriendsAppFixed" */;
			compatibilityVersion = "Xcode 14.0";
			developmentRegion = en;
			hasScannedForEncodings = 0;
			knownRegions = (
				en,
				Base,
			);
			mainGroup = ECFECC662A82AAC100C50FF8;
			productRefGroup = ECFECC702A82AAC100C50FF8 /* Products */;
			projectDirPath = "";
			projectRoot = "";
			targets = (
				ECFECC6E2A82AAC100C50FF8 /* FriendsAppFixed */,
			);
		};
/* End PBXProject section */

/* Begin PBXResourcesBuildPhase section */
		ECFECC6D2A82AAC100C50FF8 /* Resources */ = {
			isa = PBXResourcesBuildPhase;
			buildActionMask = 2147483647;
			files = (
				ECFECC7A2A82AAC100C50FF8 /* Preview Assets.xcassets in Resources */,
				ECFECC772A82AAC100C50FF8 /* Assets.xcassets in Resources */,
			);
			runOnlyForDeploymentPostprocessing = 0;
		};
/* End PBXResourcesBuildPhase section */

/* Begin PBXSourcesBuildPhase section */
		ECFECC6B2A82AAC100C50FF8 /* Sources */ = {
			isa = PBXSourcesBuildPhase;
			buildActionMask = 2147483647;
			files = (
				ECFECC752A82AAC100C50FF8 /* ContentView.swift in Sources */,
				ECFECC9B2A82B25200C50FF8 /* ComparisonTileView.swift in Sources */,
				ECFECC902A82AB0000C50FF8 /* FriendRowView.swift in Sources */,
				ECFECC932A82AB0500C50FF8 /* SecondTabView.swift in Sources */,
				ECFECC822A82AAF100C50FF8 /* FriendManager.swift in Sources */,
				ECFECC882A82AAF700C50FF8 /* Friend.swift in Sources */,
				ECFECC992A82B04100C50FF8 /* ComparisonView.swift in Sources */,
				ECFECC8F2A82AB0000C50FF8 /* NewFriendView.swift in Sources */,
				ECFECC912A82AB0000C50FF8 /* FriendDetailView.swift in Sources */,
				ECFECC952A82ABBB00C50FF8 /* MainFriendView.swift in Sources */,
				ECFECC732A82AAC100C50FF8 /* FriendsAppFixedApp.swift in Sources */,
				ECFECC832A82AAF100C50FF8 /* Friend+Sample.swift in Sources */,
				ECFECC8A2A82AAF700C50FF8 /* Element.swift in Sources */,
				ECFECC892A82AAF700C50FF8 /* Weapon.swift in Sources */,
			);
			runOnlyForDeploymentPostprocessing = 0;
		};
/* End PBXSourcesBuildPhase section */

/* Begin XCBuildConfiguration section */
		ECFECC7B2A82AAC100C50FF8 /* Debug */ = {
			isa = XCBuildConfiguration;
			buildSettings = {
				ALWAYS_SEARCH_USER_PATHS = NO;
				CLANG_ANALYZER_NONNULL = YES;
				CLANG_ANALYZER_NUMBER_OBJECT_CONVERSION = YES_AGGRESSIVE;
				CLANG_CXX_LANGUAGE_STANDARD = "gnu++20";
				CLANG_ENABLE_MODULES = YES;
				CLANG_ENABLE_OBJC_ARC = YES;
				CLANG_ENABLE_OBJC_WEAK = YES;
				CLANG_WARN_BLOCK_CAPTURE_AUTORELEASING = YES;
				CLANG_WARN_BOOL_CONVERSION = YES;
				CLANG_WARN_COMMA = YES;
				CLANG_WARN_CONSTANT_CONVERSION = YES;
				CLANG_WARN_DEPRECATED_OBJC_IMPLEMENTATIONS = YES;
				CLANG_WARN_DIRECT_OBJC_ISA_USAGE = YES_ERROR;
				CLANG_WARN_DOCUMENTATION_COMMENTS = YES;
				CLANG_WARN_EMPTY_BODY = YES;
				CLANG_WARN_ENUM_CONVERSION = YES;
				CLANG_WARN_INFINITE_RECURSION = YES;
				CLANG_WARN_INT_CONVERSION = YES;
				CLANG_WARN_NON_LITERAL_NULL_CONVERSION = YES;
				CLANG_WARN_OBJC_IMPLICIT_RETAIN_SELF = YES;
				CLANG_WARN_OBJC_LITERAL_CONVERSION = YES;
				CLANG_WARN_OBJC_ROOT_CLASS = YES_ERROR;
				CLANG_WARN_QUOTED_INCLUDE_IN_FRAMEWORK_HEADER = YES;
				CLANG_WARN_RANGE_LOOP_ANALYSIS = YES;
				CLANG_WARN_STRICT_PROTOTYPES = YES;
				CLANG_WARN_SUSPICIOUS_MOVE = YES;
				CLANG_WARN_UNGUARDED_AVAILABILITY = YES_AGGRESSIVE;
				CLANG_WARN_UNREACHABLE_CODE = YES;
				CLANG_WARN__DUPLICATE_METHOD_MATCH = YES;
				COPY_PHASE_STRIP = NO;
				DEBUG_INFORMATION_FORMAT = dwarf;
				ENABLE_STRICT_OBJC_MSGSEND = YES;
				ENABLE_TESTABILITY = YES;
				GCC_C_LANGUAGE_STANDARD = gnu11;
				GCC_DYNAMIC_NO_PIC = NO;
				GCC_NO_COMMON_BLOCKS = YES;
				GCC_OPTIMIZATION_LEVEL = 0;
				GCC_PREPROCESSOR_DEFINITIONS = (
					"DEBUG=1",
					"$(inherited)",
				);
				GCC_WARN_64_TO_32_BIT_CONVERSION = YES;
				GCC_WARN_ABOUT_RETURN_TYPE = YES_ERROR;
				GCC_WARN_UNDECLARED_SELECTOR = YES;
				GCC_WARN_UNINITIALIZED_AUTOS = YES_AGGRESSIVE;
				GCC_WARN_UNUSED_FUNCTION = YES;
				GCC_WARN_UNUSED_VARIABLE = YES;
				IPHONEOS_DEPLOYMENT_TARGET = 16.4;
				MTL_ENABLE_DEBUG_INFO = INCLUDE_SOURCE;
				MTL_FAST_MATH = YES;
				ONLY_ACTIVE_ARCH = YES;
				SDKROOT = iphoneos;
				SWIFT_ACTIVE_COMPILATION_CONDITIONS = DEBUG;
				SWIFT_OPTIMIZATION_LEVEL = "-Onone";
			};
			name = Debug;
		};
		ECFECC7C2A82AAC100C50FF8 /* Release */ = {
			isa = XCBuildConfiguration;
			buildSettings = {
				ALWAYS_SEARCH_USER_PATHS = NO;
				CLANG_ANALYZER_NONNULL = YES;
				CLANG_ANALYZER_NUMBER_OBJECT_CONVERSION = YES_AGGRESSIVE;
				CLANG_CXX_LANGUAGE_STANDARD = "gnu++20";
				CLANG_ENABLE_MODULES = YES;
				CLANG_ENABLE_OBJC_ARC = YES;
				CLANG_ENABLE_OBJC_WEAK = YES;
				CLANG_WARN_BLOCK_CAPTURE_AUTORELEASING = YES;
				CLANG_WARN_BOOL_CONVERSION = YES;
				CLANG_WARN_COMMA = YES;
				CLANG_WARN_CONSTANT_CONVERSION = YES;
				CLANG_WARN_DEPRECATED_OBJC_IMPLEMENTATIONS = YES;
				CLANG_WARN_DIRECT_OBJC_ISA_USAGE = YES_ERROR;
				CLANG_WARN_DOCUMENTATION_COMMENTS = YES;
				CLANG_WARN_EMPTY_BODY = YES;
				CLANG_WARN_ENUM_CONVERSION = YES;
				CLANG_WARN_INFINITE_RECURSION = YES;
				CLANG_WARN_INT_CONVERSION = YES;
				CLANG_WARN_NON_LITERAL_NULL_CONVERSION = YES;
				CLANG_WARN_OBJC_IMPLICIT_RETAIN_SELF = YES;
				CLANG_WARN_OBJC_LITERAL_CONVERSION = YES;
				CLANG_WARN_OBJC_ROOT_CLASS = YES_ERROR;
				CLANG_WARN_QUOTED_INCLUDE_IN_FRAMEWORK_HEADER = YES;
				CLANG_WARN_RANGE_LOOP_ANALYSIS = YES;
				CLANG_WARN_STRICT_PROTOTYPES = YES;
				CLANG_WARN_SUSPICIOUS_MOVE = YES;
				CLANG_WARN_UNGUARDED_AVAILABILITY = YES_AGGRESSIVE;
				CLANG_WARN_UNREACHABLE_CODE = YES;
				CLANG_WARN__DUPLICATE_METHOD_MATCH = YES;
				COPY_PHASE_STRIP = NO;
				DEBUG_INFORMATION_FORMAT = "dwarf-with-dsym";
				ENABLE_NS_ASSERTIONS = NO;
				ENABLE_STRICT_OBJC_MSGSEND = YES;
				GCC_C_LANGUAGE_STANDARD = gnu11;
				GCC_NO_COMMON_BLOCKS = YES;
				GCC_WARN_64_TO_32_BIT_CONVERSION = YES;
				GCC_WARN_ABOUT_RETURN_TYPE = YES_ERROR;
				GCC_WARN_UNDECLARED_SELECTOR = YES;
				GCC_WARN_UNINITIALIZED_AUTOS = YES_AGGRESSIVE;
				GCC_WARN_UNUSED_FUNCTION = YES;
				GCC_WARN_UNUSED_VARIABLE = YES;
				IPHONEOS_DEPLOYMENT_TARGET = 16.4;
				MTL_ENABLE_DEBUG_INFO = NO;
				MTL_FAST_MATH = YES;
				SDKROOT = iphoneos;
				SWIFT_COMPILATION_MODE = wholemodule;
				SWIFT_OPTIMIZATION_LEVEL = "-O";
				VALIDATE_PRODUCT = YES;
			};
			name = Release;
		};
		ECFECC7E2A82AAC100C50FF8 /* Debug */ = {
			isa = XCBuildConfiguration;
			buildSettings = {
				ASSETCATALOG_COMPILER_APPICON_NAME = AppIcon;
				ASSETCATALOG_COMPILER_GLOBAL_ACCENT_COLOR_NAME = AccentColor;
				CODE_SIGN_STYLE = Automatic;
				CURRENT_PROJECT_VERSION = 1;
				DEVELOPMENT_ASSET_PATHS = "\"FriendsAppFixed/Preview Content\"";
				DEVELOPMENT_TEAM = JDN85A8V34;
				ENABLE_PREVIEWS = YES;
				GENERATE_INFOPLIST_FILE = YES;
				INFOPLIST_KEY_UIApplicationSceneManifest_Generation = YES;
				INFOPLIST_KEY_UIApplicationSupportsIndirectInputEvents = YES;
				INFOPLIST_KEY_UILaunchScreen_Generation = YES;
				INFOPLIST_KEY_UISupportedInterfaceOrientations_iPad = "UIInterfaceOrientationPortrait UIInterfaceOrientationPortraitUpsideDown UIInterfaceOrientationLandscapeLeft UIInterfaceOrientationLandscapeRight";
				INFOPLIST_KEY_UISupportedInterfaceOrientations_iPhone = "UIInterfaceOrientationPortrait UIInterfaceOrientationLandscapeLeft UIInterfaceOrientationLandscapeRight";
				LD_RUNPATH_SEARCH_PATHS = (
					"$(inherited)",
					"@executable_path/Frameworks",
				);
				MARKETING_VERSION = 1.0;
				PRODUCT_BUNDLE_IDENTIFIER = hiddenblade.FriendsAppFixed;
				PRODUCT_NAME = "$(TARGET_NAME)";
				SWIFT_EMIT_LOC_STRINGS = YES;
				SWIFT_VERSION = 5.0;
				TARGETED_DEVICE_FAMILY = "1,2";
			};
			name = Debug;
		};
		ECFECC7F2A82AAC100C50FF8 /* Release */ = {
			isa = XCBuildConfiguration;
			buildSettings = {
				ASSETCATALOG_COMPILER_APPICON_NAME = AppIcon;
				ASSETCATALOG_COMPILER_GLOBAL_ACCENT_COLOR_NAME = AccentColor;
				CODE_SIGN_STYLE = Automatic;
				CURRENT_PROJECT_VERSION = 1;
				DEVELOPMENT_ASSET_PATHS = "\"FriendsAppFixed/Preview Content\"";
				DEVELOPMENT_TEAM = JDN85A8V34;
				ENABLE_PREVIEWS = YES;
				GENERATE_INFOPLIST_FILE = YES;
				INFOPLIST_KEY_UIApplicationSceneManifest_Generation = YES;
				INFOPLIST_KEY_UIApplicationSupportsIndirectInputEvents = YES;
				INFOPLIST_KEY_UILaunchScreen_Generation = YES;
				INFOPLIST_KEY_UISupportedInterfaceOrientations_iPad = "UIInterfaceOrientationPortrait UIInterfaceOrientationPortraitUpsideDown UIInterfaceOrientationLandscapeLeft UIInterfaceOrientationLandscapeRight";
				INFOPLIST_KEY_UISupportedInterfaceOrientations_iPhone = "UIInterfaceOrientationPortrait UIInterfaceOrientationLandscapeLeft UIInterfaceOrientationLandscapeRight";
				LD_RUNPATH_SEARCH_PATHS = (
					"$(inherited)",
					"@executable_path/Frameworks",
				);
				MARKETING_VERSION = 1.0;
				PRODUCT_BUNDLE_IDENTIFIER = hiddenblade.FriendsAppFixed;
				PRODUCT_NAME = "$(TARGET_NAME)";
				SWIFT_EMIT_LOC_STRINGS = YES;
				SWIFT_VERSION = 5.0;
				TARGETED_DEVICE_FAMILY = "1,2";
			};
			name = Release;
		};
/* End XCBuildConfiguration section */

/* Begin XCConfigurationList section */
		ECFECC6A2A82AAC100C50FF8 /* Build configuration list for PBXProject "FriendsAppFixed" */ = {
			isa = XCConfigurationList;
			buildConfigurations = (
				ECFECC7B2A82AAC100C50FF8 /* Debug */,
				ECFECC7C2A82AAC100C50FF8 /* Release */,
			);
			defaultConfigurationIsVisible = 0;
			defaultConfigurationName = Release;
		};
		ECFECC7D2A82AAC100C50FF8 /* Build configuration list for PBXNativeTarget "FriendsAppFixed" */ = {
			isa = XCConfigurationList;
			buildConfigurations = (
				ECFECC7E2A82AAC100C50FF8 /* Debug */,
				ECFECC7F2A82AAC100C50FF8 /* Release */,
			);
			defaultConfigurationIsVisible = 0;
			defaultConfigurationName = Release;
		};
/* End XCConfigurationList section */
	};
	rootObject = ECFECC672A82AAC100C50FF8 /* Project object */;
}
